
Microsoft Visual Studio Solution File, Format Version 12.00
# Visual Studio Version 17
VisualStudioVersion = 17.13.35806.99 d17.13
MinimumVisualStudioVersion = 10.0.40219.1
Project("{FAE04EC0-301F-11D3-BF4B-00C04F79EFBC}") = "ConsoleBot", "ConsoleBot\ConsoleBot.csproj", "{82F28F63-09FD-498A-918B-3033B2CA46A6}"
EndProject
Project("{FAE04EC0-301F-11D3-BF4B-00C04F79EFBC}") = "Otus.ToDoList.ConsoleBot", "Otus.ToDoList.ConsoleBot\Otus.ToDoList.ConsoleBot.csproj", "{0738FE7F-AF7A-4BE0-9F06-5F7E32A76175}"
EndProject
Global
	GlobalSection(SolutionConfigurationPlatforms) = preSolution
		Debug|Any CPU = Debug|Any CPU
		Release|Any CPU = Release|Any CPU
	EndGlobalSection
	GlobalSection(ProjectConfigurationPlatforms) = postSolution
		{82F28F63-09FD-498A-918B-3033B2CA46A6}.Debug|Any CPU.ActiveCfg = Debug|Any CPU
		{82F28F63-09FD-498A-918B-3033B2CA46A6}.Debug|Any CPU.Build.0 = Debug|Any CPU
		{82F28F63-09FD-498A-918B-3033B2CA46A6}.Release|Any CPU.ActiveCfg = Release|Any CPU
		{82F28F63-09FD-498A-918B-3033B2CA46A6}.Release|Any CPU.Build.0 = Release|Any CPU
		{0738FE7F-AF7A-4BE0-9F06-5F7E32A76175}.Debug|Any CPU.ActiveCfg = Debug|Any CPU
		{0738FE7F-AF7A-4BE0-9F06-5F7E32A76175}.Debug|Any CPU.Build.0 = Debug|Any CPU
		{0738FE7F-AF7A-4BE0-9F06-5F7E32A76175}.Release|Any CPU.ActiveCfg = Release|Any CPU
		{0738FE7F-AF7A-4BE0-9F06-5F7E32A76175}.Release|Any CPU.Build.0 = Release|Any CPU
	EndGlobalSection
	GlobalSection(SolutionProperties) = preSolution
		HideSolutionNode = FALSE
	EndGlobalSection
	GlobalSection(ExtensibilityGlobals) = postSolution
		SolutionGuid = {3A44553D-C954-4168-83F4-424503F71E71}
	EndGlobalSection
EndGlobal
